Microsoft Visual Studio Solution File, Format Version 11.00
# Visual Studio 2015

Project("{8BC9CEB8-8B4A-11D0-8D11-00A0C91BC942}") = "ArazGraph - App", "ArazGraph_App.vcxproj", "{E5602D48-986F-3396-A904-5930520A3C14}"
EndProject
Global
	GlobalSection(SolutionConfigurationPlatforms) = preSolution
		Debug|Win32 = Debug|Win32
		Release|Win32 = Release|Win32
	EndGlobalSection
	GlobalSection(ProjectConfigurationPlatforms) = postSolution
		{E5602D48-986F-3396-A904-5930520A3C14}.Debug|Win32.Build.0 = Debug|Win32
		{E5602D48-986F-3396-A904-5930520A3C14}.Debug|Win32.ActiveCfg = Debug|Win32
		{E5602D48-986F-3396-A904-5930520A3C14}.Release|Win32.Build.0 = Release|Win32
		{E5602D48-986F-3396-A904-5930520A3C14}.Release|Win32.ActiveCfg = Release|Win32
	EndGlobalSection
	GlobalSection(SolutionProperties) = preSolution
		HideSolutionNode = FALSE
	EndGlobalSection
EndGlobal
